
Microsoft Visual Studio Solution File, Format Version 12.00
# Visual Studio Version 17
VisualStudioVersion = 17.2.32526.322
MinimumVisualStudioVersion = 10.0.40219.1
Project("{FAE04EC0-301F-11D3-BF4B-00C04F79EFBC}") = "TrainSchedule", "TrainSchedule.csproj", "{3327F22C-AF36-4389-A0D4-31A5DA2A726E}"
EndProject
Global
	GlobalSection(SolutionConfigurationPlatforms) = preSolution
		Debug|Any CPU = Debug|Any CPU
		Release|Any CPU = Release|Any CPU
	EndGlobalSection
	GlobalSection(ProjectConfigurationPlatforms) = postSolution
		{3327F22C-AF36-4389-A0D4-31A5DA2A726E}.Debug|Any CPU.ActiveCfg = Debug|Any CPU
		{3327F22C-AF36-4389-A0D4-31A5DA2A726E}.Debug|Any CPU.Build.0 = Debug|Any CPU
		{3327F22C-AF36-4389-A0D4-31A5DA2A726E}.Release|Any CPU.ActiveCfg = Release|Any CPU
		{3327F22C-AF36-4389-A0D4-31A5DA2A726E}.Release|Any CPU.Build.0 = Release|Any CPU
	EndGlobalSection
	GlobalSection(SolutionProperties) = preSolution
		HideSolutionNode = FALSE
	EndGlobalSection
	GlobalSection(ExtensibilityGlobals) = postSolution
		SolutionGuid = {CEDFBF68-F4A5-403C-AAAE-18421E8EDDA8}
	EndGlobalSection
EndGlobal
